<?xml version="1.0" encoding="utf-8"?>
<Project ToolsVersion="4.0" xmlns="http://schemas.microsoft.com/developer/msbuild/2003">
  <ItemGroup>
    <Filter Include="源文件">
      <UniqueIdentifier>{4FC737F1-C7A5-4376-A066-2A32D752A2FF}</UniqueIdentifier>
      <Extensions>cpp;c;cc;cxx;def;odl;idl;hpj;bat;asm;asmx</Extensions>
    </Filter>
    <Filter Include="头文件">
      <UniqueIdentifier>{93995380-89BD-4b04-88EB-625FBE52EBFB}</UniqueIdentifier>
      <Extensions>h;hh;hpp;hxx;hm;inl;inc;ipp;xsd</Extensions>
    </Filter>
    <Filter Include="资源文件">
      <UniqueIdentifier>{67DA6AB6-F800-4c08-8B7A-83BB121AAD01}</UniqueIdentifier>
      <Extensions>rc;ico;cur;bmp;dlg;rc2;rct;bin;rgs;gif;jpg;jpeg;jpe;resx;tiff;tif;png;wav;mfcribbon-ms</Extensions>
    </Filter>
    <Filter Include="Libs">
      <UniqueIdentifier>{23fc42e3-81ad-4495-b592-6f1d9b93ae8e}</UniqueIdentifier>
    </Filter>
    <Filter Include="Libs\imgui">
      <UniqueIdentifier>{346ca15f-753d-4fe8-8b09-9f3491017b73}</UniqueIdentifier>
    </Filter>
    <Filter Include="ParticleSystem">
      <UniqueIdentifier>{40587088-33b0-47fb-8af3-d52f6bd7db96}</UniqueIdentifier>
    </Filter>
    <Filter Include="ParticleSystem\头文件">
      <UniqueIdentifier>{1dfd2552-c2ef-4784-96aa-46ee7a0b062a}</UniqueIdentifier>
    </Filter>
    <Filter Include="ParticleSystem\源文件">
      <UniqueIdentifier>{0693d52e-2499-44f6-b7dc-7677d5520135}</UniqueIdentifier>
    </Filter>
    <Filter Include="ParticleSystem\shaders">
      <UniqueIdentifier>{3b094ccd-a80b-464d-aa1c-8b6c0c523ccf}</UniqueIdentifier>
    </Filter>
  </ItemGroup>
  <ItemGroup>
    <ClInclude Include="inc\AABB.h">
      <Filter>头文件</Filter>
    </ClInclude>
    <ClInclude Include="inc\App.h">
      <Filter>头文件</Filter>
    </ClInclude>
    <ClInclude Include="inc\Bounding.h">
      <Filter>头文件</Filter>
    </ClInclude>
    <ClInclude Include="inc\Camera.h">
      <Filter>头文件</Filter>
    </ClInclude>
    <ClInclude Include="inc\Common.h">
      <Filter>头文件</Filter>
    </ClInclude>
    <ClInclude Include="inc\FRAME_EXPORTS.h">
      <Filter>头文件</Filter>
    </ClInclude>
    <ClInclude Include="inc\GameObject.h">
      <Filter>头文件</Filter>
    </ClInclude>
    <ClInclude Include="inc\GLFWWindow.h">
      <Filter>头文件</Filter>
    </ClInclude>
    <ClInclude Include="inc\GUI.h">
      <Filter>头文件</Filter>
    </ClInclude>
    <ClInclude Include="inc\Interface.h">
      <Filter>头文件</Filter>
    </ClInclude>
    <ClInclude Include="inc\MainGUI.h">
      <Filter>头文件</Filter>
    </ClInclude>
    <ClInclude Include="inc\Mesh.h">
      <Filter>头文件</Filter>
    </ClInclude>
    <ClInclude Include="inc\Model.h">
      <Filter>头文件</Filter>
    </ClInclude>
    <ClInclude Include="inc\MVector.h">
      <Filter>头文件</Filter>
    </ClInclude>
    <ClInclude Include="inc\RenderPass.h">
      <Filter>头文件</Filter>
    </ClInclude>
    <ClInclude Include="inc\ResourceManager.h">
      <Filter>头文件</Filter>
    </ClInclude>
    <ClInclude Include="inc\Shader.h">
      <Filter>头文件</Filter>
    </ClInclude>
    <ClInclude Include="inc\Singleton.h">
      <Filter>头文件</Filter>
    </ClInclude>
    <ClInclude Include="inc\Tools.h">
      <Filter>头文件</Filter>
    </ClInclude>
    <ClInclude Include="inc\UBO4ProjectionWorld.h">
      <Filter>头文件</Filter>
    </ClInclude>
    <ClInclude Include="inc\Utils.h">
      <Filter>头文件</Filter>
    </ClInclude>
    <ClInclude Include="..\ThirdParty\imgui\imconfig.h">
      <Filter>Libs\imgui</Filter>
    </ClInclude>
    <ClInclude Include="..\ThirdParty\imgui\imgui.h">
      <Filter>Libs\imgui</Filter>
    </ClInclude>
    <ClInclude Include="..\ThirdParty\imgui\imgui_internal.h">
      <Filter>Libs\imgui</Filter>
    </ClInclude>
    <ClInclude Include="..\ThirdParty\imgui\backends\imgui_impl_glfw.h">
      <Filter>Libs\imgui</Filter>
    </ClInclude>
    <ClInclude Include="..\ThirdParty\imgui\backends\imgui_impl_opengl3.h">
      <Filter>Libs\imgui</Filter>
    </ClInclude>
    <ClInclude Include="inc\AppendConsumeBuffer.h">
      <Filter>ParticleSystem\头文件</Filter>
    </ClInclude>
    <ClInclude Include="inc\ParticleSystem.h">
      <Filter>ParticleSystem\头文件</Filter>
    </ClInclude>
    <ClInclude Include="inc\Configuration.h">
      <Filter>ParticleSystem\头文件</Filter>
    </ClInclude>
    <ClInclude Include="inc\RandomBuffer.h">
      <Filter>ParticleSystem\头文件</Filter>
    </ClInclude>
    <ClInclude Include="inc\VectorField.h">
      <Filter>ParticleSystem\头文件</Filter>
    </ClInclude>
    <ClInclude Include="inc\ParticleSystemCommon.h">
      <Filter>ParticleSystem\头文件</Filter>
    </ClInclude>
  </ItemGroup>
  <ItemGroup>
    <ClCompile Include="src\AABB.cpp">
      <Filter>源文件</Filter>
    </ClCompile>
    <ClCompile Include="src\App.cpp">
      <Filter>源文件</Filter>
    </ClCompile>
    <ClCompile Include="src\Camera.cpp">
      <Filter>源文件</Filter>
    </ClCompile>
    <ClCompile Include="src\Common.cpp">
      <Filter>源文件</Filter>
    </ClCompile>
    <ClCompile Include="src\GameObject.cpp">
      <Filter>源文件</Filter>
    </ClCompile>
    <ClCompile Include="src\GLFWWindow.cpp">
      <Filter>源文件</Filter>
    </ClCompile>
    <ClCompile Include="src\GUI.cpp">
      <Filter>源文件</Filter>
    </ClCompile>
    <ClCompile Include="src\InputManager.cpp">
      <Filter>源文件</Filter>
    </ClCompile>
    <ClCompile Include="src\Interface.cpp">
      <Filter>源文件</Filter>
    </ClCompile>
    <ClCompile Include="src\MainGUI.cpp">
      <Filter>源文件</Filter>
    </ClCompile>
    <ClCompile Include="src\Mesh.cpp">
      <Filter>源文件</Filter>
    </ClCompile>
    <ClCompile Include="src\Model.cpp">
      <Filter>源文件</Filter>
    </ClCompile>
    <ClCompile Include="src\RenderPass.cpp">
      <Filter>源文件</Filter>
    </ClCompile>
    <ClCompile Include="src\ResourceManager.cpp">
      <Filter>源文件</Filter>
    </ClCompile>
    <ClCompile Include="src\Shader.cpp">
      <Filter>源文件</Filter>
    </ClCompile>
    <ClCompile Include="src\Tools.cpp">
      <Filter>源文件</Filter>
    </ClCompile>
    <ClCompile Include="src\UBO4ProjectionWorld.cpp">
      <Filter>源文件</Filter>
    </ClCompile>
    <ClCompile Include="src\Utils.cpp">
      <Filter>源文件</Filter>
    </ClCompile>
    <ClCompile Include="..\ThirdParty\imgui\imgui.cpp">
      <Filter>Libs\imgui</Filter>
    </ClCompile>
    <ClCompile Include="..\ThirdParty\imgui\imgui_draw.cpp">
      <Filter>Libs\imgui</Filter>
    </ClCompile>
    <ClCompile Include="..\ThirdParty\imgui\imgui_widgets.cpp">
      <Filter>Libs\imgui</Filter>
    </ClCompile>
    <ClCompile Include="..\ThirdParty\imgui\backends\imgui_impl_glfw.cpp">
      <Filter>Libs\imgui</Filter>
    </ClCompile>
    <ClCompile Include="..\ThirdParty\imgui\backends\imgui_impl_opengl3.cpp">
      <Filter>Libs\imgui</Filter>
    </ClCompile>
    <ClCompile Include="..\ThirdParty\imgui\imgui_tables.cpp">
      <Filter>Libs\imgui</Filter>
    </ClCompile>
    <ClCompile Include="inc\VectorField.cpp">
      <Filter>ParticleSystem\头文件</Filter>
    </ClCompile>
    <ClCompile Include="src\ParticleSystem.cpp">
      <Filter>ParticleSystem\源文件</Filter>
    </ClCompile>
    <ClCompile Include="src\AppendComsumeBuffer.cpp">
      <Filter>ParticleSystem\源文件</Filter>
    </ClCompile>
    <ClCompile Include="src\RandomBuffer.cpp">
      <Filter>ParticleSystem\源文件</Filter>
    </ClCompile>
  </ItemGroup>
  <ItemGroup>
    <None Include="packages.config" />
    <None Include="shaders\cs_calculate_dp.glsl">
      <Filter>ParticleSystem\shaders</Filter>
    </None>
    <None Include="shaders\cs_emission.glsl">
      <Filter>ParticleSystem\shaders</Filter>
    </None>
    <None Include="shaders\cs_fill_indices.glsl">
      <Filter>ParticleSystem\shaders</Filter>
    </None>
    <None Include="shaders\cs_simulation.glsl">
      <Filter>ParticleSystem\shaders</Filter>
    </None>
    <None Include="shaders\cs_sort_final.glsl">
      <Filter>ParticleSystem\shaders</Filter>
    </None>
    <None Include="shaders\cs_sort_step.glsl">
      <Filter>ParticleSystem\shaders</Filter>
    </None>
    <None Include="shaders\cs_update_args.glsl">
      <Filter>ParticleSystem\shaders</Filter>
    </None>
    <None Include="shaders\fs_basic.glsl">
      <Filter>ParticleSystem\shaders</Filter>
    </None>
    <None Include="shaders\gs_stretched_sprite.glsl">
      <Filter>ParticleSystem\shaders</Filter>
    </None>
    <None Include="shaders\inc_curlnoise.glsl">
      <Filter>ParticleSystem\shaders</Filter>
    </None>
    <None Include="shaders\inc_distance_func.glsl">
      <Filter>ParticleSystem\shaders</Filter>
    </None>
    <None Include="shaders\inc_distance_utils.glsl">
      <Filter>ParticleSystem\shaders</Filter>
    </None>
    <None Include="shaders\inc_math.glsl">
      <Filter>ParticleSystem\shaders</Filter>
    </None>
    <None Include="shaders\inc_perlin.glsl">
      <Filter>ParticleSystem\shaders</Filter>
    </None>
    <None Include="shaders\inc_perlin_2d.glsl">
      <Filter>ParticleSystem\shaders</Filter>
    </None>
    <None Include="shaders\inc_perlin_3d.glsl">
      <Filter>ParticleSystem\shaders</Filter>
    </None>
    <None Include="shaders\vs_basic.glsl">
      <Filter>ParticleSystem\shaders</Filter>
    </None>
    <None Include="shaders\Common.glsl">
      <Filter>ParticleSystem\shaders</Filter>
    </None>
  </ItemGroup>
</Project>